
Microsoft Visual Studio Solution File, Format Version 12.00
# Visual Studio Version 17
VisualStudioVersion = 17.10.35122.118
MinimumVisualStudioVersion = 10.0.40219.1
Project("{2150E333-8FDC-42A3-9474-1A3956D46DE8}") = "Services", "Services", "{4F04C4C1-1798-4530-BF13-78CF4562F05A}"
EndProject
Project("{2150E333-8FDC-42A3-9474-1A3956D46DE8}") = "Catalog", "Catalog", "{43021C93-7A9F-4452-A703-2A8271019720}"
EndProject
Project("{9A19103F-16F7-4668-BE54-9A1E7A4F7556}") = "MultiShop.Catalog", "Services\Catalog\MultiShop.Catalog\MultiShop.Catalog.csproj", "{BAB24124-C751-4EF9-86CD-CF9ED04BC06D}"
EndProject
Project("{2150E333-8FDC-42A3-9474-1A3956D46DE8}") = "Discount", "Discount", "{7E730997-D633-4B26-BA4C-24E6EFC796BB}"
EndProject
Project("{9A19103F-16F7-4668-BE54-9A1E7A4F7556}") = "MultiShop.Discount", "Services\Discount\MultiShop.Discount\MultiShop.Discount.csproj", "{0649A0DB-759B-42EF-BB9F-68FA85E2DB9C}"
EndProject
Project("{2150E333-8FDC-42A3-9474-1A3956D46DE8}") = "Order", "Order", "{7655D5A1-E123-403D-B446-67D751271145}"
EndProject
Project("{2150E333-8FDC-42A3-9474-1A3956D46DE8}") = "Core", "Core", "{3DBE7D95-934B-4001-8CB5-24FAB4F62BED}"
EndProject
Project("{2150E333-8FDC-42A3-9474-1A3956D46DE8}") = "Infrastructure", "Infrastructure", "{053B840D-CA51-4899-BAA5-E627A1D689E5}"
EndProject
Project("{2150E333-8FDC-42A3-9474-1A3956D46DE8}") = "Presentation", "Presentation", "{B3067EE0-CBE5-4873-B86E-D27FE221A16D}"
EndProject
Project("{9A19103F-16F7-4668-BE54-9A1E7A4F7556}") = "MultiShop.Order.Domain", "Services\Order\Core\MultiShop.Order.Domain\MultiShop.Order.Domain.csproj", "{282BB648-89E7-4D7C-A5FD-FE06F2C1760C}"
EndProject
Project("{9A19103F-16F7-4668-BE54-9A1E7A4F7556}") = "MultiShop.Order.Application", "Services\Order\Core\MultiShop.Order.Application\MultiShop.Order.Application.csproj", "{874005F8-6253-4401-B638-78034C30D312}"
EndProject
Project("{9A19103F-16F7-4668-BE54-9A1E7A4F7556}") = "MultiShop.Order.Persistence", "Services\Order\Infrastructure\MultiShop.Order.Persistence\MultiShop.Order.Persistence.csproj", "{56EA495B-D3F5-400B-8B50-A7521EEF39F0}"
EndProject
Project("{9A19103F-16F7-4668-BE54-9A1E7A4F7556}") = "MultiShop.Order.WebApi", "Services\Order\Infrastructure\MultiShop.Order.WebApi\MultiShop.Order.WebApi.csproj", "{920DF907-F682-40D0-96C9-F7EC9A8206BC}"
EndProject
Project("{2150E333-8FDC-42A3-9474-1A3956D46DE8}") = "IdentityServer", "IdentityServer", "{4F2EC157-68E8-407E-A1EC-49122453445D}"
EndProject
Project("{9A19103F-16F7-4668-BE54-9A1E7A4F7556}") = "MultiShops.IdentityServer", "IdentityServer\MultiShops.IdentityServer\MultiShops.IdentityServer.csproj", "{BC34208A-76E0-4042-B5D6-5477E71AA28D}"
EndProject
Global
	GlobalSection(SolutionConfigurationPlatforms) = preSolution
		Debug|Any CPU = Debug|Any CPU
		Release|Any CPU = Release|Any CPU
	EndGlobalSection
	GlobalSection(ProjectConfigurationPlatforms) = postSolution
		{BAB24124-C751-4EF9-86CD-CF9ED04BC06D}.Debug|Any CPU.ActiveCfg = Debug|Any CPU
		{BAB24124-C751-4EF9-86CD-CF9ED04BC06D}.Debug|Any CPU.Build.0 = Debug|Any CPU
		{BAB24124-C751-4EF9-86CD-CF9ED04BC06D}.Release|Any CPU.ActiveCfg = Release|Any CPU
		{BAB24124-C751-4EF9-86CD-CF9ED04BC06D}.Release|Any CPU.Build.0 = Release|Any CPU
		{0649A0DB-759B-42EF-BB9F-68FA85E2DB9C}.Debug|Any CPU.ActiveCfg = Debug|Any CPU
		{0649A0DB-759B-42EF-BB9F-68FA85E2DB9C}.Debug|Any CPU.Build.0 = Debug|Any CPU
		{0649A0DB-759B-42EF-BB9F-68FA85E2DB9C}.Release|Any CPU.ActiveCfg = Release|Any CPU
		{0649A0DB-759B-42EF-BB9F-68FA85E2DB9C}.Release|Any CPU.Build.0 = Release|Any CPU
		{282BB648-89E7-4D7C-A5FD-FE06F2C1760C}.Debug|Any CPU.ActiveCfg = Debug|Any CPU
		{282BB648-89E7-4D7C-A5FD-FE06F2C1760C}.Debug|Any CPU.Build.0 = Debug|Any CPU
		{282BB648-89E7-4D7C-A5FD-FE06F2C1760C}.Release|Any CPU.ActiveCfg = Release|Any CPU
		{282BB648-89E7-4D7C-A5FD-FE06F2C1760C}.Release|Any CPU.Build.0 = Release|Any CPU
		{874005F8-6253-4401-B638-78034C30D312}.Debug|Any CPU.ActiveCfg = Debug|Any CPU
		{874005F8-6253-4401-B638-78034C30D312}.Debug|Any CPU.Build.0 = Debug|Any CPU
		{874005F8-6253-4401-B638-78034C30D312}.Release|Any CPU.ActiveCfg = Release|Any CPU
		{874005F8-6253-4401-B638-78034C30D312}.Release|Any CPU.Build.0 = Release|Any CPU
		{56EA495B-D3F5-400B-8B50-A7521EEF39F0}.Debug|Any CPU.ActiveCfg = Debug|Any CPU
		{56EA495B-D3F5-400B-8B50-A7521EEF39F0}.Debug|Any CPU.Build.0 = Debug|Any CPU
		{56EA495B-D3F5-400B-8B50-A7521EEF39F0}.Release|Any CPU.ActiveCfg = Release|Any CPU
		{56EA495B-D3F5-400B-8B50-A7521EEF39F0}.Release|Any CPU.Build.0 = Release|Any CPU
		{920DF907-F682-40D0-96C9-F7EC9A8206BC}.Debug|Any CPU.ActiveCfg = Debug|Any CPU
		{920DF907-F682-40D0-96C9-F7EC9A8206BC}.Debug|Any CPU.Build.0 = Debug|Any CPU
		{920DF907-F682-40D0-96C9-F7EC9A8206BC}.Release|Any CPU.ActiveCfg = Release|Any CPU
		{920DF907-F682-40D0-96C9-F7EC9A8206BC}.Release|Any CPU.Build.0 = Release|Any CPU
		{BC34208A-76E0-4042-B5D6-5477E71AA28D}.Debug|Any CPU.ActiveCfg = Debug|Any CPU
		{BC34208A-76E0-4042-B5D6-5477E71AA28D}.Debug|Any CPU.Build.0 = Debug|Any CPU
		{BC34208A-76E0-4042-B5D6-5477E71AA28D}.Release|Any CPU.ActiveCfg = Release|Any CPU
		{BC34208A-76E0-4042-B5D6-5477E71AA28D}.Release|Any CPU.Build.0 = Release|Any CPU
	EndGlobalSection
	GlobalSection(SolutionProperties) = preSolution
		HideSolutionNode = FALSE
	EndGlobalSection
	GlobalSection(NestedProjects) = preSolution
		{43021C93-7A9F-4452-A703-2A8271019720} = {4F04C4C1-1798-4530-BF13-78CF4562F05A}
		{BAB24124-C751-4EF9-86CD-CF9ED04BC06D} = {43021C93-7A9F-4452-A703-2A8271019720}
		{7E730997-D633-4B26-BA4C-24E6EFC796BB} = {4F04C4C1-1798-4530-BF13-78CF4562F05A}
		{0649A0DB-759B-42EF-BB9F-68FA85E2DB9C} = {7E730997-D633-4B26-BA4C-24E6EFC796BB}
		{7655D5A1-E123-403D-B446-67D751271145} = {4F04C4C1-1798-4530-BF13-78CF4562F05A}
		{3DBE7D95-934B-4001-8CB5-24FAB4F62BED} = {7655D5A1-E123-403D-B446-67D751271145}
		{053B840D-CA51-4899-BAA5-E627A1D689E5} = {7655D5A1-E123-403D-B446-67D751271145}
		{B3067EE0-CBE5-4873-B86E-D27FE221A16D} = {7655D5A1-E123-403D-B446-67D751271145}
		{282BB648-89E7-4D7C-A5FD-FE06F2C1760C} = {3DBE7D95-934B-4001-8CB5-24FAB4F62BED}
		{874005F8-6253-4401-B638-78034C30D312} = {3DBE7D95-934B-4001-8CB5-24FAB4F62BED}
		{56EA495B-D3F5-400B-8B50-A7521EEF39F0} = {053B840D-CA51-4899-BAA5-E627A1D689E5}
		{920DF907-F682-40D0-96C9-F7EC9A8206BC} = {B3067EE0-CBE5-4873-B86E-D27FE221A16D}
		{BC34208A-76E0-4042-B5D6-5477E71AA28D} = {4F2EC157-68E8-407E-A1EC-49122453445D}
	EndGlobalSection
	GlobalSection(ExtensibilityGlobals) = postSolution
		SolutionGuid = {C351531F-C0F0-4677-94FD-7736C11D05F0}
	EndGlobalSection
EndGlobal
